
Microsoft Visual Studio Solution File, Format Version 12.00
Project("{FAE04EC0-301F-11D3-BF4B-00C04F79EFBC}") = "ZooManagement", "ZooManagement.csproj", "{FAC868CF-060B-4AD0-94E1-06C81CC9E113}"
EndProject
Global
	GlobalSection(SolutionConfigurationPlatforms) = preSolution
		Debug|Any CPU = Debug|Any CPU
		Release|Any CPU = Release|Any CPU
	EndGlobalSection
	GlobalSection(ProjectConfigurationPlatforms) = postSolution
		{FAC868CF-060B-4AD0-94E1-06C81CC9E113}.Debug|Any CPU.ActiveCfg = Debug|Any CPU
		{FAC868CF-060B-4AD0-94E1-06C81CC9E113}.Debug|Any CPU.Build.0 = Debug|Any CPU
		{FAC868CF-060B-4AD0-94E1-06C81CC9E113}.Release|Any CPU.ActiveCfg = Release|Any CPU
		{FAC868CF-060B-4AD0-94E1-06C81CC9E113}.Release|Any CPU.Build.0 = Release|Any CPU
	EndGlobalSection
EndGlobal
